<?xml version="1.0" encoding="UTF-8"?>
<Project ToolsVersion="14.0" xmlns="http://schemas.microsoft.com/developer/msbuild/2003">
  <ItemGroup>
    <CustomBuild Include="P:\working area\opencpn\odraw\CMakeLists.txt" />
    <CustomBuild Include="P:\working area\opencpn\odraw\build-win17\CMakeFiles\8af541ab0d05fec02348b627e549e567\da_DK.mo.rule">
      <Filter>CMake Rules</Filter>
    </CustomBuild>
    <CustomBuild Include="P:\working area\opencpn\odraw\build-win17\CMakeFiles\8af541ab0d05fec02348b627e549e567\it_IT.mo.rule">
      <Filter>CMake Rules</Filter>
    </CustomBuild>
    <CustomBuild Include="P:\working area\opencpn\odraw\build-win17\CMakeFiles\8af541ab0d05fec02348b627e549e567\nb_NO.mo.rule">
      <Filter>CMake Rules</Filter>
    </CustomBuild>
    <CustomBuild Include="P:\working area\opencpn\odraw\build-win17\CMakeFiles\8af541ab0d05fec02348b627e549e567\tr_TR.mo.rule">
      <Filter>CMake Rules</Filter>
    </CustomBuild>
    <CustomBuild Include="P:\working area\opencpn\odraw\build-win17\CMakeFiles\8af541ab0d05fec02348b627e549e567\pt_PT.mo.rule">
      <Filter>CMake Rules</Filter>
    </CustomBuild>
    <CustomBuild Include="P:\working area\opencpn\odraw\build-win17\CMakeFiles\8af541ab0d05fec02348b627e549e567\ca_ES.mo.rule">
      <Filter>CMake Rules</Filter>
    </CustomBuild>
    <CustomBuild Include="P:\working area\opencpn\odraw\build-win17\CMakeFiles\8af541ab0d05fec02348b627e549e567\fil_PH.mo.rule">
      <Filter>CMake Rules</Filter>
    </CustomBuild>
    <CustomBuild Include="P:\working area\opencpn\odraw\build-win17\CMakeFiles\8af541ab0d05fec02348b627e549e567\de_DE.mo.rule">
      <Filter>CMake Rules</Filter>
    </CustomBuild>
    <CustomBuild Include="P:\working area\opencpn\odraw\build-win17\CMakeFiles\8af541ab0d05fec02348b627e549e567\fr_FR.mo.rule">
      <Filter>CMake Rules</Filter>
    </CustomBuild>
    <CustomBuild Include="P:\working area\opencpn\odraw\build-win17\CMakeFiles\8af541ab0d05fec02348b627e549e567\ro_RO.mo.rule">
      <Filter>CMake Rules</Filter>
    </CustomBuild>
    <CustomBuild Include="P:\working area\opencpn\odraw\build-win17\CMakeFiles\8af541ab0d05fec02348b627e549e567\ja_JP.mo.rule">
      <Filter>CMake Rules</Filter>
    </CustomBuild>
    <CustomBuild Include="P:\working area\opencpn\odraw\build-win17\CMakeFiles\8af541ab0d05fec02348b627e549e567\es_ES.mo.rule">
      <Filter>CMake Rules</Filter>
    </CustomBuild>
    <CustomBuild Include="P:\working area\opencpn\odraw\build-win17\CMakeFiles\8af541ab0d05fec02348b627e549e567\vi_VN.mo.rule">
      <Filter>CMake Rules</Filter>
    </CustomBuild>
    <CustomBuild Include="P:\working area\opencpn\odraw\build-win17\CMakeFiles\8af541ab0d05fec02348b627e549e567\et_EE.mo.rule">
      <Filter>CMake Rules</Filter>
    </CustomBuild>
    <CustomBuild Include="P:\working area\opencpn\odraw\build-win17\CMakeFiles\8af541ab0d05fec02348b627e549e567\nl_NL.mo.rule">
      <Filter>CMake Rules</Filter>
    </CustomBuild>
    <CustomBuild Include="P:\working area\opencpn\odraw\build-win17\CMakeFiles\8af541ab0d05fec02348b627e549e567\sv_SE.mo.rule">
      <Filter>CMake Rules</Filter>
    </CustomBuild>
    <CustomBuild Include="P:\working area\opencpn\odraw\build-win17\CMakeFiles\8af541ab0d05fec02348b627e549e567\pt_BR.mo.rule">
      <Filter>CMake Rules</Filter>
    </CustomBuild>
    <CustomBuild Include="P:\working area\opencpn\odraw\build-win17\CMakeFiles\8af541ab0d05fec02348b627e549e567\gl_ES.mo.rule">
      <Filter>CMake Rules</Filter>
    </CustomBuild>
    <CustomBuild Include="P:\working area\opencpn\odraw\build-win17\CMakeFiles\8af541ab0d05fec02348b627e549e567\id_ID.mo.rule">
      <Filter>CMake Rules</Filter>
    </CustomBuild>
    <CustomBuild Include="P:\working area\opencpn\odraw\build-win17\CMakeFiles\8af541ab0d05fec02348b627e549e567\cs_CZ.mo.rule">
      <Filter>CMake Rules</Filter>
    </CustomBuild>
    <CustomBuild Include="P:\working area\opencpn\odraw\build-win17\CMakeFiles\8af541ab0d05fec02348b627e549e567\ru_RU.mo.rule">
      <Filter>CMake Rules</Filter>
    </CustomBuild>
    <CustomBuild Include="P:\working area\opencpn\odraw\build-win17\CMakeFiles\8af541ab0d05fec02348b627e549e567\hi_IN.mo.rule">
      <Filter>CMake Rules</Filter>
    </CustomBuild>
    <CustomBuild Include="P:\working area\opencpn\odraw\build-win17\CMakeFiles\8af541ab0d05fec02348b627e549e567\pl_PL.mo.rule">
      <Filter>CMake Rules</Filter>
    </CustomBuild>
    <CustomBuild Include="P:\working area\opencpn\odraw\build-win17\CMakeFiles\8af541ab0d05fec02348b627e549e567\el_GR.mo.rule">
      <Filter>CMake Rules</Filter>
    </CustomBuild>
    <CustomBuild Include="P:\working area\opencpn\odraw\build-win17\CMakeFiles\8af541ab0d05fec02348b627e549e567\ar_SA.mo.rule">
      <Filter>CMake Rules</Filter>
    </CustomBuild>
    <CustomBuild Include="P:\working area\opencpn\odraw\build-win17\CMakeFiles\8af541ab0d05fec02348b627e549e567\fi_FI.mo.rule">
      <Filter>CMake Rules</Filter>
    </CustomBuild>
    <CustomBuild Include="P:\working area\opencpn\odraw\build-win17\CMakeFiles\8af541ab0d05fec02348b627e549e567\hu_HU.mo.rule">
      <Filter>CMake Rules</Filter>
    </CustomBuild>
    <CustomBuild Include="P:\working area\opencpn\odraw\build-win17\CMakeFiles\8af541ab0d05fec02348b627e549e567\mr_IN.mo.rule">
      <Filter>CMake Rules</Filter>
    </CustomBuild>
    <CustomBuild Include="P:\working area\opencpn\odraw\build-win17\CMakeFiles\8af541ab0d05fec02348b627e549e567\th_TH.mo.rule">
      <Filter>CMake Rules</Filter>
    </CustomBuild>
    <CustomBuild Include="P:\working area\opencpn\odraw\build-win17\CMakeFiles\8af541ab0d05fec02348b627e549e567\zh_TW.mo.rule">
      <Filter>CMake Rules</Filter>
    </CustomBuild>
    <CustomBuild Include="P:\working area\opencpn\odraw\build-win17\CMakeFiles\b310cbd7dad83f589be961330821a958\ocpn_draw-i18n.rule">
      <Filter>CMake Rules</Filter>
    </CustomBuild>
  </ItemGroup>
  <ItemGroup>
    <None Include="P:\working area\opencpn\odraw\build-win17\CMakeFiles\ocpn_draw-i18n" />
  </ItemGroup>
  <ItemGroup>
    <Filter Include="CMake Rules">
      <UniqueIdentifier>{561D6332-BCB9-3A75-9E96-9B08029B828E}</UniqueIdentifier>
    </Filter>
  </ItemGroup>
</Project>
