<?xml version="1.0" encoding="UTF-8"?>
<Project ToolsVersion="14.0" xmlns="http://schemas.microsoft.com/developer/msbuild/2003">
  <ItemGroup>
    <ClCompile Include="P:\working area\opencpn\odraw\src\ocpn_draw_pi.cpp">
      <Filter>Source Files</Filter>
    </ClCompile>
    <ClCompile Include="P:\working area\opencpn\odraw\src\Boundary.cpp">
      <Filter>Source Files</Filter>
    </ClCompile>
    <ClCompile Include="P:\working area\opencpn\odraw\src\BoundaryCSVImport.cpp">
      <Filter>Source Files</Filter>
    </ClCompile>
    <ClCompile Include="P:\working area\opencpn\odraw\src\BoundaryMan.cpp">
      <Filter>Source Files</Filter>
    </ClCompile>
    <ClCompile Include="P:\working area\opencpn\odraw\src\BoundaryProp.cpp">
      <Filter>Source Files</Filter>
    </ClCompile>
    <ClCompile Include="P:\working area\opencpn\odraw\src\BoundaryPoint.cpp">
      <Filter>Source Files</Filter>
    </ClCompile>
    <ClCompile Include="P:\working area\opencpn\odraw\src\BoundaryPointCSVImport.cpp">
      <Filter>Source Files</Filter>
    </ClCompile>
    <ClCompile Include="P:\working area\opencpn\odraw\src\DR.cpp">
      <Filter>Source Files</Filter>
    </ClCompile>
    <ClCompile Include="P:\working area\opencpn\odraw\src\DRProp.cpp">
      <Filter>Source Files</Filter>
    </ClCompile>
    <ClCompile Include="P:\working area\opencpn\odraw\src\EBL.cpp">
      <Filter>Source Files</Filter>
    </ClCompile>
    <ClCompile Include="P:\working area\opencpn\odraw\src\EBLProp.cpp">
      <Filter>Source Files</Filter>
    </ClCompile>
    <ClCompile Include="P:\working area\opencpn\odraw\src\GZ.cpp">
      <Filter>Source Files</Filter>
    </ClCompile>
    <ClCompile Include="P:\working area\opencpn\odraw\src\GZMan.cpp">
      <Filter>Source Files</Filter>
    </ClCompile>
    <ClCompile Include="P:\working area\opencpn\odraw\src\GZProp.cpp">
      <Filter>Source Files</Filter>
    </ClCompile>
    <ClCompile Include="P:\working area\opencpn\odraw\src\PointMan.cpp">
      <Filter>Source Files</Filter>
    </ClCompile>
    <ClCompile Include="P:\working area\opencpn\odraw\src\ODSelect.cpp">
      <Filter>Source Files</Filter>
    </ClCompile>
    <ClCompile Include="P:\working area\opencpn\odraw\src\PathMan.cpp">
      <Filter>Source Files</Filter>
    </ClCompile>
    <ClCompile Include="P:\working area\opencpn\odraw\src\pathmanagerdialog.cpp">
      <Filter>Source Files</Filter>
    </ClCompile>
    <ClCompile Include="P:\working area\opencpn\odraw\src\ODAPI.cpp">
      <Filter>Source Files</Filter>
    </ClCompile>
    <ClCompile Include="P:\working area\opencpn\odraw\src\ODPath.cpp">
      <Filter>Source Files</Filter>
    </ClCompile>
    <ClCompile Include="P:\working area\opencpn\odraw\src\ODPoint.cpp">
      <Filter>Source Files</Filter>
    </ClCompile>
    <ClCompile Include="P:\working area\opencpn\odraw\src\ODConfig.cpp">
      <Filter>Source Files</Filter>
    </ClCompile>
    <ClCompile Include="P:\working area\opencpn\odraw\src\ODdc.cpp">
      <Filter>Source Files</Filter>
    </ClCompile>
    <ClCompile Include="P:\working area\opencpn\odraw\src\ODDRDialogDef.cpp">
      <Filter>Source Files</Filter>
    </ClCompile>
    <ClCompile Include="P:\working area\opencpn\odraw\src\ODDRDialogImpl.cpp">
      <Filter>Source Files</Filter>
    </ClCompile>
    <ClCompile Include="P:\working area\opencpn\odraw\src\ODEventHandler.cpp">
      <Filter>Source Files</Filter>
    </ClCompile>
    <ClCompile Include="P:\working area\opencpn\odraw\src\ODicons.cpp">
      <Filter>Source Files</Filter>
    </ClCompile>
    <ClCompile Include="P:\working area\opencpn\odraw\src\ODIconCombo.cpp">
      <Filter>Source Files</Filter>
    </ClCompile>
    <ClCompile Include="P:\working area\opencpn\odraw\src\ODJSON.cpp">
      <Filter>Source Files</Filter>
    </ClCompile>
    <ClCompile Include="P:\working area\opencpn\odraw\src\ODLayer.cpp">
      <Filter>Source Files</Filter>
    </ClCompile>
    <ClCompile Include="P:\working area\opencpn\odraw\src\ODMarkIcon.cpp">
      <Filter>Source Files</Filter>
    </ClCompile>
    <ClCompile Include="P:\working area\opencpn\odraw\src\ODNavObjectChanges.cpp">
      <Filter>Source Files</Filter>
    </ClCompile>
    <ClCompile Include="P:\working area\opencpn\odraw\src\ODNewODPointDialogDef.cpp">
      <Filter>Source Files</Filter>
    </ClCompile>
    <ClCompile Include="P:\working area\opencpn\odraw\src\ODNewODPointDialogImpl.cpp">
      <Filter>Source Files</Filter>
    </ClCompile>
    <ClCompile Include="P:\working area\opencpn\odraw\src\ODPropertiesDialogDef.cpp">
      <Filter>Source Files</Filter>
    </ClCompile>
    <ClCompile Include="P:\working area\opencpn\odraw\src\ODPropertiesDialogImpl.cpp">
      <Filter>Source Files</Filter>
    </ClCompile>
    <ClCompile Include="P:\working area\opencpn\odraw\src\ODPathPropertiesDialogDef.cpp">
      <Filter>Source Files</Filter>
    </ClCompile>
    <ClCompile Include="P:\working area\opencpn\odraw\src\ODPathPropertiesDialogImpl.cpp">
      <Filter>Source Files</Filter>
    </ClCompile>
    <ClCompile Include="P:\working area\opencpn\odraw\src\ODPointPropertiesDialog.cpp">
      <Filter>Source Files</Filter>
    </ClCompile>
    <ClCompile Include="P:\working area\opencpn\odraw\src\ODPointPropertiesImpl.cpp">
      <Filter>Source Files</Filter>
    </ClCompile>
    <ClCompile Include="P:\working area\opencpn\odraw\src\ODPositionParser.cpp">
      <Filter>Source Files</Filter>
    </ClCompile>
    <ClCompile Include="P:\working area\opencpn\odraw\src\ODRolloverWin.cpp">
      <Filter>Source Files</Filter>
    </ClCompile>
    <ClCompile Include="P:\working area\opencpn\odraw\src\ODToolbarDef.cpp">
      <Filter>Source Files</Filter>
    </ClCompile>
    <ClCompile Include="P:\working area\opencpn\odraw\src\ODToolbarImpl.cpp">
      <Filter>Source Files</Filter>
    </ClCompile>
    <ClCompile Include="P:\working area\opencpn\odraw\src\ODUtils.cpp">
      <Filter>Source Files</Filter>
    </ClCompile>
    <ClCompile Include="P:\working area\opencpn\odraw\src\PIL.cpp">
      <Filter>Source Files</Filter>
    </ClCompile>
    <ClCompile Include="P:\working area\opencpn\odraw\src\PILProp.cpp">
      <Filter>Source Files</Filter>
    </ClCompile>
    <ClCompile Include="P:\working area\opencpn\odraw\src\PILPropertiesDialogDef.cpp">
      <Filter>Source Files</Filter>
    </ClCompile>
    <ClCompile Include="P:\working area\opencpn\odraw\src\PILPropertiesDialogImpl.cpp">
      <Filter>Source Files</Filter>
    </ClCompile>
    <ClCompile Include="P:\working area\opencpn\odraw\src\TextPoint.cpp">
      <Filter>Source Files</Filter>
    </ClCompile>
    <ClCompile Include="P:\working area\opencpn\odraw\ocpnsrc\bbox.cpp">
      <Filter>Source Files</Filter>
    </ClCompile>
    <ClCompile Include="P:\working area\opencpn\odraw\ocpnsrc\cutil.cpp">
      <Filter>Source Files</Filter>
    </ClCompile>
    <ClCompile Include="P:\working area\opencpn\odraw\ocpnsrc\geodesic.cpp">
      <Filter>Source Files</Filter>
    </ClCompile>
    <ClCompile Include="P:\working area\opencpn\odraw\ocpnsrc\georef.cpp">
      <Filter>Source Files</Filter>
    </ClCompile>
    <ClCompile Include="P:\working area\opencpn\odraw\ocpnsrc\Hyperlink.cpp">
      <Filter>Source Files</Filter>
    </ClCompile>
    <ClCompile Include="P:\working area\opencpn\odraw\ocpnsrc\SelectItem.cpp">
      <Filter>Source Files</Filter>
    </ClCompile>
    <ClCompile Include="P:\working area\opencpn\odraw\ocpnsrc\TexFont.cpp">
      <Filter>Source Files</Filter>
    </ClCompile>
    <ClCompile Include="P:\working area\opencpn\odraw\ocpnsrc\wxJSON\jsonreader.cpp">
      <Filter>Source Files</Filter>
    </ClCompile>
    <ClCompile Include="P:\working area\opencpn\odraw\ocpnsrc\wxJSON\jsonval.cpp">
      <Filter>Source Files</Filter>
    </ClCompile>
    <ClCompile Include="P:\working area\opencpn\odraw\ocpnsrc\wxJSON\jsonwriter.cpp">
      <Filter>Source Files</Filter>
    </ClCompile>
    <ClCompile Include="P:\working area\opencpn\odraw\extsrc\clipper.cpp">
      <Filter>Source Files</Filter>
    </ClCompile>
    <ClCompile Include="P:\working area\opencpn\odraw\extsrc\pugixml.cpp">
      <Filter>Source Files</Filter>
    </ClCompile>
    <ClCompile Include="P:\working area\opencpn\odraw\src\tinyxml\tinyxml.cpp">
      <Filter>Source Files</Filter>
    </ClCompile>
    <ClCompile Include="P:\working area\opencpn\odraw\src\tinyxml\tinyxmlparser.cpp">
      <Filter>Source Files</Filter>
    </ClCompile>
    <ClCompile Include="P:\working area\opencpn\odraw\src\tinyxml\tinyxmlerror.cpp">
      <Filter>Source Files</Filter>
    </ClCompile>
  </ItemGroup>
  <ItemGroup>
    <ClInclude Include="P:\working area\opencpn\odraw\include\ocpn_draw_pi.h">
      <Filter>Header Files</Filter>
    </ClInclude>
    <ClInclude Include="P:\working area\opencpn\odraw\include\Boundary.h">
      <Filter>Header Files</Filter>
    </ClInclude>
    <ClInclude Include="P:\working area\opencpn\odraw\include\BoundaryCSVImport.h">
      <Filter>Header Files</Filter>
    </ClInclude>
    <ClInclude Include="P:\working area\opencpn\odraw\include\BoundaryMan.h">
      <Filter>Header Files</Filter>
    </ClInclude>
    <ClInclude Include="P:\working area\opencpn\odraw\include\BoundaryProp.h">
      <Filter>Header Files</Filter>
    </ClInclude>
    <ClInclude Include="P:\working area\opencpn\odraw\include\BoundaryPoint.h">
      <Filter>Header Files</Filter>
    </ClInclude>
    <ClInclude Include="P:\working area\opencpn\odraw\include\BoundaryPointCSVImport.h">
      <Filter>Header Files</Filter>
    </ClInclude>
    <ClInclude Include="P:\working area\opencpn\odraw\include\DR.h">
      <Filter>Header Files</Filter>
    </ClInclude>
    <ClInclude Include="P:\working area\opencpn\odraw\include\DRProp.h">
      <Filter>Header Files</Filter>
    </ClInclude>
    <ClInclude Include="P:\working area\opencpn\odraw\include\EBL.h">
      <Filter>Header Files</Filter>
    </ClInclude>
    <ClInclude Include="P:\working area\opencpn\odraw\include\EBLProp.h">
      <Filter>Header Files</Filter>
    </ClInclude>
    <ClInclude Include="P:\working area\opencpn\odraw\include\GZ.h">
      <Filter>Header Files</Filter>
    </ClInclude>
    <ClInclude Include="P:\working area\opencpn\odraw\include\GZMan.h">
      <Filter>Header Files</Filter>
    </ClInclude>
    <ClInclude Include="P:\working area\opencpn\odraw\include\GZProp.h">
      <Filter>Header Files</Filter>
    </ClInclude>
    <ClInclude Include="P:\working area\opencpn\odraw\include\PointMan.h">
      <Filter>Header Files</Filter>
    </ClInclude>
    <ClInclude Include="P:\working area\opencpn\odraw\include\ODSelect.h">
      <Filter>Header Files</Filter>
    </ClInclude>
    <ClInclude Include="P:\working area\opencpn\odraw\include\PathMan.h">
      <Filter>Header Files</Filter>
    </ClInclude>
    <ClInclude Include="P:\working area\opencpn\odraw\include\pathmanagerdialog.h">
      <Filter>Header Files</Filter>
    </ClInclude>
    <ClInclude Include="P:\working area\opencpn\odraw\include\ODAPI.h">
      <Filter>Header Files</Filter>
    </ClInclude>
    <ClInclude Include="P:\working area\opencpn\odraw\include\ODicons.h">
      <Filter>Header Files</Filter>
    </ClInclude>
    <ClInclude Include="P:\working area\opencpn\odraw\include\ODIconCombo.h">
      <Filter>Header Files</Filter>
    </ClInclude>
    <ClInclude Include="P:\working area\opencpn\odraw\include\ODJSON.h">
      <Filter>Header Files</Filter>
    </ClInclude>
    <ClInclude Include="P:\working area\opencpn\odraw\include\ODPath.h">
      <Filter>Header Files</Filter>
    </ClInclude>
    <ClInclude Include="P:\working area\opencpn\odraw\include\ODPoint.h">
      <Filter>Header Files</Filter>
    </ClInclude>
    <ClInclude Include="P:\working area\opencpn\odraw\include\ODConfig.h">
      <Filter>Header Files</Filter>
    </ClInclude>
    <ClInclude Include="P:\working area\opencpn\odraw\include\ODdc.h">
      <Filter>Header Files</Filter>
    </ClInclude>
    <ClInclude Include="P:\working area\opencpn\odraw\include\ODDRDialogDef.h">
      <Filter>Header Files</Filter>
    </ClInclude>
    <ClInclude Include="P:\working area\opencpn\odraw\include\ODDRDialogImpl.h">
      <Filter>Header Files</Filter>
    </ClInclude>
    <ClInclude Include="P:\working area\opencpn\odraw\include\ODEventHandler.h">
      <Filter>Header Files</Filter>
    </ClInclude>
    <ClInclude Include="P:\working area\opencpn\odraw\include\ODLayer.h">
      <Filter>Header Files</Filter>
    </ClInclude>
    <ClInclude Include="P:\working area\opencpn\odraw\include\ODMarkIcon.h">
      <Filter>Header Files</Filter>
    </ClInclude>
    <ClInclude Include="P:\working area\opencpn\odraw\include\ODNavObjectChanges.h">
      <Filter>Header Files</Filter>
    </ClInclude>
    <ClInclude Include="P:\working area\opencpn\odraw\include\ODNewODPointDialogDef.h">
      <Filter>Header Files</Filter>
    </ClInclude>
    <ClInclude Include="P:\working area\opencpn\odraw\include\ODNewODPointDialogImpl.h">
      <Filter>Header Files</Filter>
    </ClInclude>
    <ClInclude Include="P:\working area\opencpn\odraw\include\ODPropertiesDialogDef.h">
      <Filter>Header Files</Filter>
    </ClInclude>
    <ClInclude Include="P:\working area\opencpn\odraw\include\ODPropertiesDialogImpl.h">
      <Filter>Header Files</Filter>
    </ClInclude>
    <ClInclude Include="P:\working area\opencpn\odraw\include\ODPathPropertiesDialogDef.h">
      <Filter>Header Files</Filter>
    </ClInclude>
    <ClInclude Include="P:\working area\opencpn\odraw\include\ODPathPropertiesDialogImpl.h">
      <Filter>Header Files</Filter>
    </ClInclude>
    <ClInclude Include="P:\working area\opencpn\odraw\include\ODPointPropertiesDialog.h">
      <Filter>Header Files</Filter>
    </ClInclude>
    <ClInclude Include="P:\working area\opencpn\odraw\include\ODPointPropertiesImpl.h">
      <Filter>Header Files</Filter>
    </ClInclude>
    <ClInclude Include="P:\working area\opencpn\odraw\include\ODPositionParser.h">
      <Filter>Header Files</Filter>
    </ClInclude>
    <ClInclude Include="P:\working area\opencpn\odraw\include\ODRolloverWin.h">
      <Filter>Header Files</Filter>
    </ClInclude>
    <ClInclude Include="P:\working area\opencpn\odraw\include\ODToolbarDef.h">
      <Filter>Header Files</Filter>
    </ClInclude>
    <ClInclude Include="P:\working area\opencpn\odraw\include\ODToolbarImpl.h">
      <Filter>Header Files</Filter>
    </ClInclude>
    <ClInclude Include="P:\working area\opencpn\odraw\include\ODUtils.h">
      <Filter>Header Files</Filter>
    </ClInclude>
    <ClInclude Include="P:\working area\opencpn\odraw\include\ODvector2D.h">
      <Filter>Header Files</Filter>
    </ClInclude>
    <ClInclude Include="P:\working area\opencpn\odraw\include\PIL.h">
      <Filter>Header Files</Filter>
    </ClInclude>
    <ClInclude Include="P:\working area\opencpn\odraw\include\PILPropertiesDialogDef.h">
      <Filter>Header Files</Filter>
    </ClInclude>
    <ClInclude Include="P:\working area\opencpn\odraw\include\PILPropertiesDialogImpl.h">
      <Filter>Header Files</Filter>
    </ClInclude>
    <ClInclude Include="P:\working area\opencpn\odraw\include\PILProp.h">
      <Filter>Header Files</Filter>
    </ClInclude>
    <ClInclude Include="P:\working area\opencpn\odraw\include\TextPoint.h">
      <Filter>Header Files</Filter>
    </ClInclude>
  </ItemGroup>
  <ItemGroup>
    <CustomBuild Include="P:\working area\opencpn\odraw\CMakeLists.txt" />
  </ItemGroup>
  <ItemGroup>
    <Filter Include="Source Files">
      <UniqueIdentifier>{9B51222D-01AD-397A-AC9F-5DC85263B8AE}</UniqueIdentifier>
    </Filter>
    <Filter Include="Header Files">
      <UniqueIdentifier>{AF25B4D6-DE12-3393-ADBD-1BD6F759366B}</UniqueIdentifier>
    </Filter>
  </ItemGroup>
</Project>
