Microsoft Visual Studio Solution File, Format Version 12.00
# Visual Studio 14
Project("{8BC9CEB8-8B4A-11D0-8D11-00A0C91BC942}") = "ALL_BUILD", "ALL_BUILD.vcxproj", "{61B6FB18-2FB2-37D9-AF68-B97830A07980}"
	ProjectSection(ProjectDependencies) = postProject
		{49A59CC5-2385-317E-9956-AD2D7181900C} = {49A59CC5-2385-317E-9956-AD2D7181900C}
		{A25633F1-A210-3E0A-B0BA-A9D9D66725EA} = {A25633F1-A210-3E0A-B0BA-A9D9D66725EA}
	EndProjectSection
EndProject
Project("{8BC9CEB8-8B4A-11D0-8D11-00A0C91BC942}") = "INSTALL", "INSTALL.vcxproj", "{34F645D1-63CF-3445-9CAA-800F367DD87E}"
	ProjectSection(ProjectDependencies) = postProject
		{61B6FB18-2FB2-37D9-AF68-B97830A07980} = {61B6FB18-2FB2-37D9-AF68-B97830A07980}
		{49A59CC5-2385-317E-9956-AD2D7181900C} = {49A59CC5-2385-317E-9956-AD2D7181900C}
	EndProjectSection
EndProject
Project("{8BC9CEB8-8B4A-11D0-8D11-00A0C91BC942}") = "PACKAGE", "PACKAGE.vcxproj", "{C794F105-5E86-3AC2-88C7-77896C5A9148}"
	ProjectSection(ProjectDependencies) = postProject
		{61B6FB18-2FB2-37D9-AF68-B97830A07980} = {61B6FB18-2FB2-37D9-AF68-B97830A07980}
		{49A59CC5-2385-317E-9956-AD2D7181900C} = {49A59CC5-2385-317E-9956-AD2D7181900C}
	EndProjectSection
EndProject
Project("{8BC9CEB8-8B4A-11D0-8D11-00A0C91BC942}") = "ZERO_CHECK", "ZERO_CHECK.vcxproj", "{49A59CC5-2385-317E-9956-AD2D7181900C}"
	ProjectSection(ProjectDependencies) = postProject
	EndProjectSection
EndProject
Project("{8BC9CEB8-8B4A-11D0-8D11-00A0C91BC942}") = "ocpn_draw-i18n", "ocpn_draw-i18n.vcxproj", "{D4EC8874-1A77-3B50-AAEF-A37B77F4F8D8}"
	ProjectSection(ProjectDependencies) = postProject
		{49A59CC5-2385-317E-9956-AD2D7181900C} = {49A59CC5-2385-317E-9956-AD2D7181900C}
	EndProjectSection
EndProject
Project("{8BC9CEB8-8B4A-11D0-8D11-00A0C91BC942}") = "ocpn_draw-po-update", "ocpn_draw-po-update.vcxproj", "{9F9BD5C9-D8E6-3A8F-8220-FE2EAEFE7ABF}"
	ProjectSection(ProjectDependencies) = postProject
		{49A59CC5-2385-317E-9956-AD2D7181900C} = {49A59CC5-2385-317E-9956-AD2D7181900C}
	EndProjectSection
EndProject
Project("{8BC9CEB8-8B4A-11D0-8D11-00A0C91BC942}") = "ocpn_draw-pot-update", "ocpn_draw-pot-update.vcxproj", "{877F628D-C6BB-334D-9A13-C40D5607A615}"
	ProjectSection(ProjectDependencies) = postProject
		{49A59CC5-2385-317E-9956-AD2D7181900C} = {49A59CC5-2385-317E-9956-AD2D7181900C}
	EndProjectSection
EndProject
Project("{8BC9CEB8-8B4A-11D0-8D11-00A0C91BC942}") = "ocpn_draw_pi", "ocpn_draw_pi.vcxproj", "{A25633F1-A210-3E0A-B0BA-A9D9D66725EA}"
	ProjectSection(ProjectDependencies) = postProject
		{49A59CC5-2385-317E-9956-AD2D7181900C} = {49A59CC5-2385-317E-9956-AD2D7181900C}
		{D4EC8874-1A77-3B50-AAEF-A37B77F4F8D8} = {D4EC8874-1A77-3B50-AAEF-A37B77F4F8D8}
	EndProjectSection
EndProject
Global
	GlobalSection(SolutionConfigurationPlatforms) = preSolution
		Debug|Win32 = Debug|Win32
		Release|Win32 = Release|Win32
		MinSizeRel|Win32 = MinSizeRel|Win32
		RelWithDebInfo|Win32 = RelWithDebInfo|Win32
	EndGlobalSection
	GlobalSection(ProjectConfigurationPlatforms) = postSolution
		{61B6FB18-2FB2-37D9-AF68-B97830A07980}.Debug|Win32.ActiveCfg = Debug|Win32
		{61B6FB18-2FB2-37D9-AF68-B97830A07980}.Debug|Win32.Build.0 = Debug|Win32
		{61B6FB18-2FB2-37D9-AF68-B97830A07980}.Release|Win32.ActiveCfg = Release|Win32
		{61B6FB18-2FB2-37D9-AF68-B97830A07980}.Release|Win32.Build.0 = Release|Win32
		{61B6FB18-2FB2-37D9-AF68-B97830A07980}.MinSizeRel|Win32.ActiveCfg = MinSizeRel|Win32
		{61B6FB18-2FB2-37D9-AF68-B97830A07980}.MinSizeRel|Win32.Build.0 = MinSizeRel|Win32
		{61B6FB18-2FB2-37D9-AF68-B97830A07980}.RelWithDebInfo|Win32.ActiveCfg = RelWithDebInfo|Win32
		{61B6FB18-2FB2-37D9-AF68-B97830A07980}.RelWithDebInfo|Win32.Build.0 = RelWithDebInfo|Win32
		{34F645D1-63CF-3445-9CAA-800F367DD87E}.Debug|Win32.ActiveCfg = Debug|Win32
		{34F645D1-63CF-3445-9CAA-800F367DD87E}.Release|Win32.ActiveCfg = Release|Win32
		{34F645D1-63CF-3445-9CAA-800F367DD87E}.MinSizeRel|Win32.ActiveCfg = MinSizeRel|Win32
		{34F645D1-63CF-3445-9CAA-800F367DD87E}.RelWithDebInfo|Win32.ActiveCfg = RelWithDebInfo|Win32
		{C794F105-5E86-3AC2-88C7-77896C5A9148}.Debug|Win32.ActiveCfg = Debug|Win32
		{C794F105-5E86-3AC2-88C7-77896C5A9148}.Release|Win32.ActiveCfg = Release|Win32
		{C794F105-5E86-3AC2-88C7-77896C5A9148}.MinSizeRel|Win32.ActiveCfg = MinSizeRel|Win32
		{C794F105-5E86-3AC2-88C7-77896C5A9148}.RelWithDebInfo|Win32.ActiveCfg = RelWithDebInfo|Win32
		{49A59CC5-2385-317E-9956-AD2D7181900C}.Debug|Win32.ActiveCfg = Debug|Win32
		{49A59CC5-2385-317E-9956-AD2D7181900C}.Debug|Win32.Build.0 = Debug|Win32
		{49A59CC5-2385-317E-9956-AD2D7181900C}.Release|Win32.ActiveCfg = Release|Win32
		{49A59CC5-2385-317E-9956-AD2D7181900C}.Release|Win32.Build.0 = Release|Win32
		{49A59CC5-2385-317E-9956-AD2D7181900C}.MinSizeRel|Win32.ActiveCfg = MinSizeRel|Win32
		{49A59CC5-2385-317E-9956-AD2D7181900C}.MinSizeRel|Win32.Build.0 = MinSizeRel|Win32
		{49A59CC5-2385-317E-9956-AD2D7181900C}.RelWithDebInfo|Win32.ActiveCfg = RelWithDebInfo|Win32
		{49A59CC5-2385-317E-9956-AD2D7181900C}.RelWithDebInfo|Win32.Build.0 = RelWithDebInfo|Win32
		{D4EC8874-1A77-3B50-AAEF-A37B77F4F8D8}.Debug|Win32.ActiveCfg = Debug|Win32
		{D4EC8874-1A77-3B50-AAEF-A37B77F4F8D8}.Debug|Win32.Build.0 = Debug|Win32
		{D4EC8874-1A77-3B50-AAEF-A37B77F4F8D8}.Release|Win32.ActiveCfg = Release|Win32
		{D4EC8874-1A77-3B50-AAEF-A37B77F4F8D8}.Release|Win32.Build.0 = Release|Win32
		{D4EC8874-1A77-3B50-AAEF-A37B77F4F8D8}.MinSizeRel|Win32.ActiveCfg = MinSizeRel|Win32
		{D4EC8874-1A77-3B50-AAEF-A37B77F4F8D8}.MinSizeRel|Win32.Build.0 = MinSizeRel|Win32
		{D4EC8874-1A77-3B50-AAEF-A37B77F4F8D8}.RelWithDebInfo|Win32.ActiveCfg = RelWithDebInfo|Win32
		{D4EC8874-1A77-3B50-AAEF-A37B77F4F8D8}.RelWithDebInfo|Win32.Build.0 = RelWithDebInfo|Win32
		{9F9BD5C9-D8E6-3A8F-8220-FE2EAEFE7ABF}.Debug|Win32.ActiveCfg = Debug|Win32
		{9F9BD5C9-D8E6-3A8F-8220-FE2EAEFE7ABF}.Release|Win32.ActiveCfg = Release|Win32
		{9F9BD5C9-D8E6-3A8F-8220-FE2EAEFE7ABF}.MinSizeRel|Win32.ActiveCfg = MinSizeRel|Win32
		{9F9BD5C9-D8E6-3A8F-8220-FE2EAEFE7ABF}.RelWithDebInfo|Win32.ActiveCfg = RelWithDebInfo|Win32
		{877F628D-C6BB-334D-9A13-C40D5607A615}.Debug|Win32.ActiveCfg = Debug|Win32
		{877F628D-C6BB-334D-9A13-C40D5607A615}.Release|Win32.ActiveCfg = Release|Win32
		{877F628D-C6BB-334D-9A13-C40D5607A615}.MinSizeRel|Win32.ActiveCfg = MinSizeRel|Win32
		{877F628D-C6BB-334D-9A13-C40D5607A615}.RelWithDebInfo|Win32.ActiveCfg = RelWithDebInfo|Win32
		{A25633F1-A210-3E0A-B0BA-A9D9D66725EA}.Debug|Win32.ActiveCfg = Debug|Win32
		{A25633F1-A210-3E0A-B0BA-A9D9D66725EA}.Debug|Win32.Build.0 = Debug|Win32
		{A25633F1-A210-3E0A-B0BA-A9D9D66725EA}.Release|Win32.ActiveCfg = Release|Win32
		{A25633F1-A210-3E0A-B0BA-A9D9D66725EA}.Release|Win32.Build.0 = Release|Win32
		{A25633F1-A210-3E0A-B0BA-A9D9D66725EA}.MinSizeRel|Win32.ActiveCfg = MinSizeRel|Win32
		{A25633F1-A210-3E0A-B0BA-A9D9D66725EA}.MinSizeRel|Win32.Build.0 = MinSizeRel|Win32
		{A25633F1-A210-3E0A-B0BA-A9D9D66725EA}.RelWithDebInfo|Win32.ActiveCfg = RelWithDebInfo|Win32
		{A25633F1-A210-3E0A-B0BA-A9D9D66725EA}.RelWithDebInfo|Win32.Build.0 = RelWithDebInfo|Win32
	EndGlobalSection
	GlobalSection(ExtensibilityGlobals) = postSolution
	EndGlobalSection
	GlobalSection(ExtensibilityAddIns) = postSolution
	EndGlobalSection
EndGlobal
