Microsoft Visual Studio Solution File, Format Version 12.00
# Visual Studio 15
Project("{8BC9CEB8-8B4A-11D0-8D11-00A0C91BC942}") = "ALL_BUILD", "ALL_BUILD.vcxproj", "{2BD22DBF-53B1-37D8-8E7F-EC64D87A9A7D}"
	ProjectSection(ProjectDependencies) = postProject
		{EC4F697D-13D2-36A8-A5A3-6CA817F133A3} = {EC4F697D-13D2-36A8-A5A3-6CA817F133A3}
		{C9AC4B55-DFAB-3FF7-A19F-3C5B1873EFD7} = {C9AC4B55-DFAB-3FF7-A19F-3C5B1873EFD7}
	EndProjectSection
EndProject
Project("{8BC9CEB8-8B4A-11D0-8D11-00A0C91BC942}") = "INSTALL", "INSTALL.vcxproj", "{B4D73126-53F2-3A5D-85E1-F92B8D400F08}"
	ProjectSection(ProjectDependencies) = postProject
		{2BD22DBF-53B1-37D8-8E7F-EC64D87A9A7D} = {2BD22DBF-53B1-37D8-8E7F-EC64D87A9A7D}
		{EC4F697D-13D2-36A8-A5A3-6CA817F133A3} = {EC4F697D-13D2-36A8-A5A3-6CA817F133A3}
	EndProjectSection
EndProject
Project("{8BC9CEB8-8B4A-11D0-8D11-00A0C91BC942}") = "PACKAGE", "PACKAGE.vcxproj", "{6FAFA490-4A6C-313A-AFD5-B69348580391}"
	ProjectSection(ProjectDependencies) = postProject
		{2BD22DBF-53B1-37D8-8E7F-EC64D87A9A7D} = {2BD22DBF-53B1-37D8-8E7F-EC64D87A9A7D}
		{EC4F697D-13D2-36A8-A5A3-6CA817F133A3} = {EC4F697D-13D2-36A8-A5A3-6CA817F133A3}
	EndProjectSection
EndProject
Project("{8BC9CEB8-8B4A-11D0-8D11-00A0C91BC942}") = "ZERO_CHECK", "ZERO_CHECK.vcxproj", "{EC4F697D-13D2-36A8-A5A3-6CA817F133A3}"
	ProjectSection(ProjectDependencies) = postProject
	EndProjectSection
EndProject
Project("{8BC9CEB8-8B4A-11D0-8D11-00A0C91BC942}") = "ocpn_draw-i18n", "ocpn_draw-i18n.vcxproj", "{79BF0C59-A20E-3DC8-8056-51BA62FBDFDE}"
	ProjectSection(ProjectDependencies) = postProject
		{EC4F697D-13D2-36A8-A5A3-6CA817F133A3} = {EC4F697D-13D2-36A8-A5A3-6CA817F133A3}
	EndProjectSection
EndProject
Project("{8BC9CEB8-8B4A-11D0-8D11-00A0C91BC942}") = "ocpn_draw-po-update", "ocpn_draw-po-update.vcxproj", "{1C63212D-4E82-3337-B704-A3C3AA612917}"
	ProjectSection(ProjectDependencies) = postProject
		{EC4F697D-13D2-36A8-A5A3-6CA817F133A3} = {EC4F697D-13D2-36A8-A5A3-6CA817F133A3}
	EndProjectSection
EndProject
Project("{8BC9CEB8-8B4A-11D0-8D11-00A0C91BC942}") = "ocpn_draw-pot-update", "ocpn_draw-pot-update.vcxproj", "{F4090622-DC3C-33C2-92C9-3D36B9A58EF7}"
	ProjectSection(ProjectDependencies) = postProject
		{EC4F697D-13D2-36A8-A5A3-6CA817F133A3} = {EC4F697D-13D2-36A8-A5A3-6CA817F133A3}
	EndProjectSection
EndProject
Project("{8BC9CEB8-8B4A-11D0-8D11-00A0C91BC942}") = "ocpn_draw_pi", "ocpn_draw_pi.vcxproj", "{C9AC4B55-DFAB-3FF7-A19F-3C5B1873EFD7}"
	ProjectSection(ProjectDependencies) = postProject
		{EC4F697D-13D2-36A8-A5A3-6CA817F133A3} = {EC4F697D-13D2-36A8-A5A3-6CA817F133A3}
		{79BF0C59-A20E-3DC8-8056-51BA62FBDFDE} = {79BF0C59-A20E-3DC8-8056-51BA62FBDFDE}
	EndProjectSection
EndProject
Global
	GlobalSection(SolutionConfigurationPlatforms) = preSolution
		Debug|Win32 = Debug|Win32
		Release|Win32 = Release|Win32
		MinSizeRel|Win32 = MinSizeRel|Win32
		RelWithDebInfo|Win32 = RelWithDebInfo|Win32
	EndGlobalSection
	GlobalSection(ProjectConfigurationPlatforms) = postSolution
		{2BD22DBF-53B1-37D8-8E7F-EC64D87A9A7D}.Debug|Win32.ActiveCfg = Debug|Win32
		{2BD22DBF-53B1-37D8-8E7F-EC64D87A9A7D}.Debug|Win32.Build.0 = Debug|Win32
		{2BD22DBF-53B1-37D8-8E7F-EC64D87A9A7D}.Release|Win32.ActiveCfg = Release|Win32
		{2BD22DBF-53B1-37D8-8E7F-EC64D87A9A7D}.Release|Win32.Build.0 = Release|Win32
		{2BD22DBF-53B1-37D8-8E7F-EC64D87A9A7D}.MinSizeRel|Win32.ActiveCfg = MinSizeRel|Win32
		{2BD22DBF-53B1-37D8-8E7F-EC64D87A9A7D}.MinSizeRel|Win32.Build.0 = MinSizeRel|Win32
		{2BD22DBF-53B1-37D8-8E7F-EC64D87A9A7D}.RelWithDebInfo|Win32.ActiveCfg = RelWithDebInfo|Win32
		{2BD22DBF-53B1-37D8-8E7F-EC64D87A9A7D}.RelWithDebInfo|Win32.Build.0 = RelWithDebInfo|Win32
		{B4D73126-53F2-3A5D-85E1-F92B8D400F08}.Debug|Win32.ActiveCfg = Debug|Win32
		{B4D73126-53F2-3A5D-85E1-F92B8D400F08}.Release|Win32.ActiveCfg = Release|Win32
		{B4D73126-53F2-3A5D-85E1-F92B8D400F08}.MinSizeRel|Win32.ActiveCfg = MinSizeRel|Win32
		{B4D73126-53F2-3A5D-85E1-F92B8D400F08}.RelWithDebInfo|Win32.ActiveCfg = RelWithDebInfo|Win32
		{6FAFA490-4A6C-313A-AFD5-B69348580391}.Debug|Win32.ActiveCfg = Debug|Win32
		{6FAFA490-4A6C-313A-AFD5-B69348580391}.Release|Win32.ActiveCfg = Release|Win32
		{6FAFA490-4A6C-313A-AFD5-B69348580391}.MinSizeRel|Win32.ActiveCfg = MinSizeRel|Win32
		{6FAFA490-4A6C-313A-AFD5-B69348580391}.RelWithDebInfo|Win32.ActiveCfg = RelWithDebInfo|Win32
		{EC4F697D-13D2-36A8-A5A3-6CA817F133A3}.Debug|Win32.ActiveCfg = Debug|Win32
		{EC4F697D-13D2-36A8-A5A3-6CA817F133A3}.Debug|Win32.Build.0 = Debug|Win32
		{EC4F697D-13D2-36A8-A5A3-6CA817F133A3}.Release|Win32.ActiveCfg = Release|Win32
		{EC4F697D-13D2-36A8-A5A3-6CA817F133A3}.Release|Win32.Build.0 = Release|Win32
		{EC4F697D-13D2-36A8-A5A3-6CA817F133A3}.MinSizeRel|Win32.ActiveCfg = MinSizeRel|Win32
		{EC4F697D-13D2-36A8-A5A3-6CA817F133A3}.MinSizeRel|Win32.Build.0 = MinSizeRel|Win32
		{EC4F697D-13D2-36A8-A5A3-6CA817F133A3}.RelWithDebInfo|Win32.ActiveCfg = RelWithDebInfo|Win32
		{EC4F697D-13D2-36A8-A5A3-6CA817F133A3}.RelWithDebInfo|Win32.Build.0 = RelWithDebInfo|Win32
		{79BF0C59-A20E-3DC8-8056-51BA62FBDFDE}.Debug|Win32.ActiveCfg = Debug|Win32
		{79BF0C59-A20E-3DC8-8056-51BA62FBDFDE}.Debug|Win32.Build.0 = Debug|Win32
		{79BF0C59-A20E-3DC8-8056-51BA62FBDFDE}.Release|Win32.ActiveCfg = Release|Win32
		{79BF0C59-A20E-3DC8-8056-51BA62FBDFDE}.Release|Win32.Build.0 = Release|Win32
		{79BF0C59-A20E-3DC8-8056-51BA62FBDFDE}.MinSizeRel|Win32.ActiveCfg = MinSizeRel|Win32
		{79BF0C59-A20E-3DC8-8056-51BA62FBDFDE}.MinSizeRel|Win32.Build.0 = MinSizeRel|Win32
		{79BF0C59-A20E-3DC8-8056-51BA62FBDFDE}.RelWithDebInfo|Win32.ActiveCfg = RelWithDebInfo|Win32
		{79BF0C59-A20E-3DC8-8056-51BA62FBDFDE}.RelWithDebInfo|Win32.Build.0 = RelWithDebInfo|Win32
		{1C63212D-4E82-3337-B704-A3C3AA612917}.Debug|Win32.ActiveCfg = Debug|Win32
		{1C63212D-4E82-3337-B704-A3C3AA612917}.Release|Win32.ActiveCfg = Release|Win32
		{1C63212D-4E82-3337-B704-A3C3AA612917}.MinSizeRel|Win32.ActiveCfg = MinSizeRel|Win32
		{1C63212D-4E82-3337-B704-A3C3AA612917}.RelWithDebInfo|Win32.ActiveCfg = RelWithDebInfo|Win32
		{F4090622-DC3C-33C2-92C9-3D36B9A58EF7}.Debug|Win32.ActiveCfg = Debug|Win32
		{F4090622-DC3C-33C2-92C9-3D36B9A58EF7}.Release|Win32.ActiveCfg = Release|Win32
		{F4090622-DC3C-33C2-92C9-3D36B9A58EF7}.MinSizeRel|Win32.ActiveCfg = MinSizeRel|Win32
		{F4090622-DC3C-33C2-92C9-3D36B9A58EF7}.RelWithDebInfo|Win32.ActiveCfg = RelWithDebInfo|Win32
		{C9AC4B55-DFAB-3FF7-A19F-3C5B1873EFD7}.Debug|Win32.ActiveCfg = Debug|Win32
		{C9AC4B55-DFAB-3FF7-A19F-3C5B1873EFD7}.Debug|Win32.Build.0 = Debug|Win32
		{C9AC4B55-DFAB-3FF7-A19F-3C5B1873EFD7}.Release|Win32.ActiveCfg = Release|Win32
		{C9AC4B55-DFAB-3FF7-A19F-3C5B1873EFD7}.Release|Win32.Build.0 = Release|Win32
		{C9AC4B55-DFAB-3FF7-A19F-3C5B1873EFD7}.MinSizeRel|Win32.ActiveCfg = MinSizeRel|Win32
		{C9AC4B55-DFAB-3FF7-A19F-3C5B1873EFD7}.MinSizeRel|Win32.Build.0 = MinSizeRel|Win32
		{C9AC4B55-DFAB-3FF7-A19F-3C5B1873EFD7}.RelWithDebInfo|Win32.ActiveCfg = RelWithDebInfo|Win32
		{C9AC4B55-DFAB-3FF7-A19F-3C5B1873EFD7}.RelWithDebInfo|Win32.Build.0 = RelWithDebInfo|Win32
	EndGlobalSection
	GlobalSection(ExtensibilityGlobals) = postSolution
		SolutionGuid = {B26EE490-0AAD-3CA5-B0EC-BAEBFE436594}
	EndGlobalSection
	GlobalSection(ExtensibilityAddIns) = postSolution
	EndGlobalSection
EndGlobal
