<?xml version="1.0" encoding="UTF-8"?>
<Project ToolsVersion="15.0" xmlns="http://schemas.microsoft.com/developer/msbuild/2003">
  <ItemGroup>
    <CustomBuild Include="P:\working area\opencpn\odraw\CMakeLists.txt" />
    <CustomBuild Include="P:\working area\opencpn\odraw\build-win17-qemu\CMakeFiles\0b13dd48c6a636108603e0cfad5c7b68\ar_SA.mo.rule">
      <Filter>CMake Rules</Filter>
    </CustomBuild>
    <CustomBuild Include="P:\working area\opencpn\odraw\build-win17-qemu\CMakeFiles\0b13dd48c6a636108603e0cfad5c7b68\ca_ES.mo.rule">
      <Filter>CMake Rules</Filter>
    </CustomBuild>
    <CustomBuild Include="P:\working area\opencpn\odraw\build-win17-qemu\CMakeFiles\0b13dd48c6a636108603e0cfad5c7b68\cs_CZ.mo.rule">
      <Filter>CMake Rules</Filter>
    </CustomBuild>
    <CustomBuild Include="P:\working area\opencpn\odraw\build-win17-qemu\CMakeFiles\0b13dd48c6a636108603e0cfad5c7b68\da_DK.mo.rule">
      <Filter>CMake Rules</Filter>
    </CustomBuild>
    <CustomBuild Include="P:\working area\opencpn\odraw\build-win17-qemu\CMakeFiles\0b13dd48c6a636108603e0cfad5c7b68\de_DE.mo.rule">
      <Filter>CMake Rules</Filter>
    </CustomBuild>
    <CustomBuild Include="P:\working area\opencpn\odraw\build-win17-qemu\CMakeFiles\0b13dd48c6a636108603e0cfad5c7b68\el_GR.mo.rule">
      <Filter>CMake Rules</Filter>
    </CustomBuild>
    <CustomBuild Include="P:\working area\opencpn\odraw\build-win17-qemu\CMakeFiles\0b13dd48c6a636108603e0cfad5c7b68\es_ES.mo.rule">
      <Filter>CMake Rules</Filter>
    </CustomBuild>
    <CustomBuild Include="P:\working area\opencpn\odraw\build-win17-qemu\CMakeFiles\0b13dd48c6a636108603e0cfad5c7b68\et_EE.mo.rule">
      <Filter>CMake Rules</Filter>
    </CustomBuild>
    <CustomBuild Include="P:\working area\opencpn\odraw\build-win17-qemu\CMakeFiles\0b13dd48c6a636108603e0cfad5c7b68\fi_FI.mo.rule">
      <Filter>CMake Rules</Filter>
    </CustomBuild>
    <CustomBuild Include="P:\working area\opencpn\odraw\build-win17-qemu\CMakeFiles\0b13dd48c6a636108603e0cfad5c7b68\fil_PH.mo.rule">
      <Filter>CMake Rules</Filter>
    </CustomBuild>
    <CustomBuild Include="P:\working area\opencpn\odraw\build-win17-qemu\CMakeFiles\0b13dd48c6a636108603e0cfad5c7b68\fr_FR.mo.rule">
      <Filter>CMake Rules</Filter>
    </CustomBuild>
    <CustomBuild Include="P:\working area\opencpn\odraw\build-win17-qemu\CMakeFiles\0b13dd48c6a636108603e0cfad5c7b68\gl_ES.mo.rule">
      <Filter>CMake Rules</Filter>
    </CustomBuild>
    <CustomBuild Include="P:\working area\opencpn\odraw\build-win17-qemu\CMakeFiles\0b13dd48c6a636108603e0cfad5c7b68\hi_IN.mo.rule">
      <Filter>CMake Rules</Filter>
    </CustomBuild>
    <CustomBuild Include="P:\working area\opencpn\odraw\build-win17-qemu\CMakeFiles\0b13dd48c6a636108603e0cfad5c7b68\hu_HU.mo.rule">
      <Filter>CMake Rules</Filter>
    </CustomBuild>
    <CustomBuild Include="P:\working area\opencpn\odraw\build-win17-qemu\CMakeFiles\0b13dd48c6a636108603e0cfad5c7b68\id_ID.mo.rule">
      <Filter>CMake Rules</Filter>
    </CustomBuild>
    <CustomBuild Include="P:\working area\opencpn\odraw\build-win17-qemu\CMakeFiles\0b13dd48c6a636108603e0cfad5c7b68\it_IT.mo.rule">
      <Filter>CMake Rules</Filter>
    </CustomBuild>
    <CustomBuild Include="P:\working area\opencpn\odraw\build-win17-qemu\CMakeFiles\0b13dd48c6a636108603e0cfad5c7b68\ja_JP.mo.rule">
      <Filter>CMake Rules</Filter>
    </CustomBuild>
    <CustomBuild Include="P:\working area\opencpn\odraw\build-win17-qemu\CMakeFiles\0b13dd48c6a636108603e0cfad5c7b68\mr_IN.mo.rule">
      <Filter>CMake Rules</Filter>
    </CustomBuild>
    <CustomBuild Include="P:\working area\opencpn\odraw\build-win17-qemu\CMakeFiles\0b13dd48c6a636108603e0cfad5c7b68\nb_NO.mo.rule">
      <Filter>CMake Rules</Filter>
    </CustomBuild>
    <CustomBuild Include="P:\working area\opencpn\odraw\build-win17-qemu\CMakeFiles\0b13dd48c6a636108603e0cfad5c7b68\nl_NL.mo.rule">
      <Filter>CMake Rules</Filter>
    </CustomBuild>
    <CustomBuild Include="P:\working area\opencpn\odraw\build-win17-qemu\CMakeFiles\0b13dd48c6a636108603e0cfad5c7b68\pl_PL.mo.rule">
      <Filter>CMake Rules</Filter>
    </CustomBuild>
    <CustomBuild Include="P:\working area\opencpn\odraw\build-win17-qemu\CMakeFiles\0b13dd48c6a636108603e0cfad5c7b68\pt_BR.mo.rule">
      <Filter>CMake Rules</Filter>
    </CustomBuild>
    <CustomBuild Include="P:\working area\opencpn\odraw\build-win17-qemu\CMakeFiles\0b13dd48c6a636108603e0cfad5c7b68\pt_PT.mo.rule">
      <Filter>CMake Rules</Filter>
    </CustomBuild>
    <CustomBuild Include="P:\working area\opencpn\odraw\build-win17-qemu\CMakeFiles\0b13dd48c6a636108603e0cfad5c7b68\ro_RO.mo.rule">
      <Filter>CMake Rules</Filter>
    </CustomBuild>
    <CustomBuild Include="P:\working area\opencpn\odraw\build-win17-qemu\CMakeFiles\0b13dd48c6a636108603e0cfad5c7b68\ru_RU.mo.rule">
      <Filter>CMake Rules</Filter>
    </CustomBuild>
    <CustomBuild Include="P:\working area\opencpn\odraw\build-win17-qemu\CMakeFiles\0b13dd48c6a636108603e0cfad5c7b68\sv_SE.mo.rule">
      <Filter>CMake Rules</Filter>
    </CustomBuild>
    <CustomBuild Include="P:\working area\opencpn\odraw\build-win17-qemu\CMakeFiles\0b13dd48c6a636108603e0cfad5c7b68\th_TH.mo.rule">
      <Filter>CMake Rules</Filter>
    </CustomBuild>
    <CustomBuild Include="P:\working area\opencpn\odraw\build-win17-qemu\CMakeFiles\0b13dd48c6a636108603e0cfad5c7b68\tr_TR.mo.rule">
      <Filter>CMake Rules</Filter>
    </CustomBuild>
    <CustomBuild Include="P:\working area\opencpn\odraw\build-win17-qemu\CMakeFiles\0b13dd48c6a636108603e0cfad5c7b68\vi_VN.mo.rule">
      <Filter>CMake Rules</Filter>
    </CustomBuild>
    <CustomBuild Include="P:\working area\opencpn\odraw\build-win17-qemu\CMakeFiles\0b13dd48c6a636108603e0cfad5c7b68\zh_TW.mo.rule">
      <Filter>CMake Rules</Filter>
    </CustomBuild>
    <CustomBuild Include="P:\working area\opencpn\odraw\build-win17-qemu\CMakeFiles\175efbea9737a87925adaf45f5783cbf\ocpn_draw-i18n.rule">
      <Filter>CMake Rules</Filter>
    </CustomBuild>
  </ItemGroup>
  <ItemGroup>
    <None Include="P:\working area\opencpn\odraw\build-win17-qemu\CMakeFiles\ocpn_draw-i18n" />
  </ItemGroup>
  <ItemGroup>
    <Filter Include="CMake Rules">
      <UniqueIdentifier>{6B0DAB87-B060-3A46-AE8F-085A6886861E}</UniqueIdentifier>
    </Filter>
  </ItemGroup>
</Project>
