<?xml version="1.0" encoding="UTF-8" standalone="yes" ?>
<CodeBlocks_project_file>
   <FileVersion major="1" minor="6" />
   <Project>
      <Option title="ocpn_draw_pi" />
      <Option makefile_is_custom="1" />
      <Option compiler="gcc" />
      <Option virtualFolders="CMake Files\;CMake Files\cmake\;CMake Files\po\;" />
      <Build>
      <Target title="all">
         <Option working_dir="/home/jon/opencpn/odraw/build-cb" />
         <Option type="4" />
         <MakeCommands>
            <Build command="/usr/bin/make -f &quot;/home/jon/opencpn/odraw/build-cb/Makefile&quot;  VERBOSE=1 all" />
            <CompileFile command="/usr/bin/make -f &quot;/home/jon/opencpn/odraw/build-cb/Makefile&quot;  VERBOSE=1 &quot;$file&quot;" />
            <Clean command="/usr/bin/make -f &quot;/home/jon/opencpn/odraw/build-cb/Makefile&quot;  VERBOSE=1 clean" />
            <DistClean command="/usr/bin/make -f &quot;/home/jon/opencpn/odraw/build-cb/Makefile&quot;  VERBOSE=1 clean" />
         </MakeCommands>
      </Target>
      <Target title="edit_cache">
         <Option working_dir="/home/jon/opencpn/odraw/build-cb" />
         <Option type="4" />
         <MakeCommands>
            <Build command="/usr/bin/make -f &quot;/home/jon/opencpn/odraw/build-cb/Makefile&quot;  VERBOSE=1 edit_cache" />
            <CompileFile command="/usr/bin/make -f &quot;/home/jon/opencpn/odraw/build-cb/Makefile&quot;  VERBOSE=1 &quot;$file&quot;" />
            <Clean command="/usr/bin/make -f &quot;/home/jon/opencpn/odraw/build-cb/Makefile&quot;  VERBOSE=1 clean" />
            <DistClean command="/usr/bin/make -f &quot;/home/jon/opencpn/odraw/build-cb/Makefile&quot;  VERBOSE=1 clean" />
         </MakeCommands>
      </Target>
      <Target title="package_source">
         <Option working_dir="/home/jon/opencpn/odraw/build-cb" />
         <Option type="4" />
         <MakeCommands>
            <Build command="/usr/bin/make -f &quot;/home/jon/opencpn/odraw/build-cb/Makefile&quot;  VERBOSE=1 package_source" />
            <CompileFile command="/usr/bin/make -f &quot;/home/jon/opencpn/odraw/build-cb/Makefile&quot;  VERBOSE=1 &quot;$file&quot;" />
            <Clean command="/usr/bin/make -f &quot;/home/jon/opencpn/odraw/build-cb/Makefile&quot;  VERBOSE=1 clean" />
            <DistClean command="/usr/bin/make -f &quot;/home/jon/opencpn/odraw/build-cb/Makefile&quot;  VERBOSE=1 clean" />
         </MakeCommands>
      </Target>
      <Target title="ocpn_draw-i18n">
         <Option working_dir="/home/jon/opencpn/odraw/build-cb" />
         <Option type="4" />
         <MakeCommands>
            <Build command="/usr/bin/make -f &quot;/home/jon/opencpn/odraw/build-cb/Makefile&quot;  VERBOSE=1 ocpn_draw-i18n" />
            <CompileFile command="/usr/bin/make -f &quot;/home/jon/opencpn/odraw/build-cb/Makefile&quot;  VERBOSE=1 &quot;$file&quot;" />
            <Clean command="/usr/bin/make -f &quot;/home/jon/opencpn/odraw/build-cb/Makefile&quot;  VERBOSE=1 clean" />
            <DistClean command="/usr/bin/make -f &quot;/home/jon/opencpn/odraw/build-cb/Makefile&quot;  VERBOSE=1 clean" />
         </MakeCommands>
      </Target>
      <Target title="ocpn_draw-pot-update">
         <Option working_dir="/home/jon/opencpn/odraw/build-cb" />
         <Option type="4" />
         <MakeCommands>
            <Build command="/usr/bin/make -f &quot;/home/jon/opencpn/odraw/build-cb/Makefile&quot;  VERBOSE=1 ocpn_draw-pot-update" />
            <CompileFile command="/usr/bin/make -f &quot;/home/jon/opencpn/odraw/build-cb/Makefile&quot;  VERBOSE=1 &quot;$file&quot;" />
            <Clean command="/usr/bin/make -f &quot;/home/jon/opencpn/odraw/build-cb/Makefile&quot;  VERBOSE=1 clean" />
            <DistClean command="/usr/bin/make -f &quot;/home/jon/opencpn/odraw/build-cb/Makefile&quot;  VERBOSE=1 clean" />
         </MakeCommands>
      </Target>
      <Target title="ocpn_draw-po-update">
         <Option working_dir="/home/jon/opencpn/odraw/build-cb" />
         <Option type="4" />
         <MakeCommands>
            <Build command="/usr/bin/make -f &quot;/home/jon/opencpn/odraw/build-cb/Makefile&quot;  VERBOSE=1 ocpn_draw-po-update" />
            <CompileFile command="/usr/bin/make -f &quot;/home/jon/opencpn/odraw/build-cb/Makefile&quot;  VERBOSE=1 &quot;$file&quot;" />
            <Clean command="/usr/bin/make -f &quot;/home/jon/opencpn/odraw/build-cb/Makefile&quot;  VERBOSE=1 clean" />
            <DistClean command="/usr/bin/make -f &quot;/home/jon/opencpn/odraw/build-cb/Makefile&quot;  VERBOSE=1 clean" />
         </MakeCommands>
      </Target>
      <Target title="ocpn_draw_pi">
         <Option output="/home/jon/opencpn/odraw/build-cb/libocpn_draw_pi.so" prefix_auto="0" extension_auto="0" />
         <Option working_dir="/home/jon/opencpn/odraw/build-cb" />
         <Option object_output="./" />
         <Option type="3" />
         <Option compiler="gcc" />
         <Compiler>
            <Add option="-D_FILE_OFFSET_BITS=64" />
            <Add option="-DWXUSINGDLL" />
            <Add option="-D__WXGTK__" />
            <Add option="-DocpnUSE_GL" />
            <Add option="-DUSE_S57" />
            <Add option="-DODraw_USE_SVG" />
            <Add option="-DTIXML_USE_STL" />
            <Add directory="/home/jon/opencpn/odraw/build-cb/CMakeFiles/include" />
            <Add directory="/home/jon/opencpn/odraw/extinclude" />
            <Add directory="/home/jon/opencpn/odraw/include" />
            <Add directory="/home/jon/opencpn/odraw/ocpninclude" />
            <Add directory="/home/jon/opencpn/odraw/ocpninclude/wxcurl" />
            <Add directory="/home/jon/opencpn/odraw/ocpninclude/wxcurl/include" />
            <Add directory="/home/jon/opencpn/odraw/ocpnsrc/bitmaps" />
            <Add directory="/home/jon/opencpn/odraw/ocpnsrc/lz4" />
            <Add directory="/home/jon/opencpn/odraw/src" />
            <Add directory="/home/jon/opencpn/odraw/src/mygdal" />
            <Add directory="/usr/include" />
            <Add directory="/usr/include/c++/5" />
            <Add directory="/usr/include/c++/5/backward" />
            <Add directory="/usr/include/wx-3.0" />
            <Add directory="/usr/include/x86_64-linux-gnu" />
            <Add directory="/usr/include/x86_64-linux-gnu/c++/5" />
            <Add directory="/usr/lib/gcc/x86_64-linux-gnu/5/include" />
            <Add directory="/usr/lib/gcc/x86_64-linux-gnu/5/include-fixed" />
            <Add directory="/usr/lib/x86_64-linux-gnu/wx/include/gtk2-unicode-3.0" />
            <Add directory="/usr/local/include" />
         </Compiler>
         <MakeCommands>
            <Build command="/usr/bin/make -f &quot;/home/jon/opencpn/odraw/build-cb/Makefile&quot;  VERBOSE=1 ocpn_draw_pi" />
            <CompileFile command="/usr/bin/make -f &quot;/home/jon/opencpn/odraw/build-cb/Makefile&quot;  VERBOSE=1 &quot;$file&quot;" />
            <Clean command="/usr/bin/make -f &quot;/home/jon/opencpn/odraw/build-cb/Makefile&quot;  VERBOSE=1 clean" />
            <DistClean command="/usr/bin/make -f &quot;/home/jon/opencpn/odraw/build-cb/Makefile&quot;  VERBOSE=1 clean" />
         </MakeCommands>
      </Target>
      <Target title="ocpn_draw_pi/fast">
         <Option output="/home/jon/opencpn/odraw/build-cb/libocpn_draw_pi.so" prefix_auto="0" extension_auto="0" />
         <Option working_dir="/home/jon/opencpn/odraw/build-cb" />
         <Option object_output="./" />
         <Option type="3" />
         <Option compiler="gcc" />
         <Compiler>
            <Add option="-D_FILE_OFFSET_BITS=64" />
            <Add option="-DWXUSINGDLL" />
            <Add option="-D__WXGTK__" />
            <Add option="-DocpnUSE_GL" />
            <Add option="-DUSE_S57" />
            <Add option="-DODraw_USE_SVG" />
            <Add option="-DTIXML_USE_STL" />
            <Add directory="/home/jon/opencpn/odraw/build-cb/CMakeFiles/include" />
            <Add directory="/home/jon/opencpn/odraw/extinclude" />
            <Add directory="/home/jon/opencpn/odraw/include" />
            <Add directory="/home/jon/opencpn/odraw/ocpninclude" />
            <Add directory="/home/jon/opencpn/odraw/ocpninclude/wxcurl" />
            <Add directory="/home/jon/opencpn/odraw/ocpninclude/wxcurl/include" />
            <Add directory="/home/jon/opencpn/odraw/ocpnsrc/bitmaps" />
            <Add directory="/home/jon/opencpn/odraw/ocpnsrc/lz4" />
            <Add directory="/home/jon/opencpn/odraw/src" />
            <Add directory="/home/jon/opencpn/odraw/src/mygdal" />
            <Add directory="/usr/include" />
            <Add directory="/usr/include/c++/5" />
            <Add directory="/usr/include/c++/5/backward" />
            <Add directory="/usr/include/wx-3.0" />
            <Add directory="/usr/include/x86_64-linux-gnu" />
            <Add directory="/usr/include/x86_64-linux-gnu/c++/5" />
            <Add directory="/usr/lib/gcc/x86_64-linux-gnu/5/include" />
            <Add directory="/usr/lib/gcc/x86_64-linux-gnu/5/include-fixed" />
            <Add directory="/usr/lib/x86_64-linux-gnu/wx/include/gtk2-unicode-3.0" />
            <Add directory="/usr/local/include" />
         </Compiler>
         <MakeCommands>
            <Build command="/usr/bin/make -f &quot;/home/jon/opencpn/odraw/build-cb/Makefile&quot;  VERBOSE=1 ocpn_draw_pi/fast" />
            <CompileFile command="/usr/bin/make -f &quot;/home/jon/opencpn/odraw/build-cb/Makefile&quot;  VERBOSE=1 &quot;$file&quot;" />
            <Clean command="/usr/bin/make -f &quot;/home/jon/opencpn/odraw/build-cb/Makefile&quot;  VERBOSE=1 clean" />
            <DistClean command="/usr/bin/make -f &quot;/home/jon/opencpn/odraw/build-cb/Makefile&quot;  VERBOSE=1 clean" />
         </MakeCommands>
      </Target>
      <Target title="install/local">
         <Option working_dir="/home/jon/opencpn/odraw/build-cb" />
         <Option type="4" />
         <MakeCommands>
            <Build command="/usr/bin/make -f &quot;/home/jon/opencpn/odraw/build-cb/Makefile&quot;  VERBOSE=1 install/local" />
            <CompileFile command="/usr/bin/make -f &quot;/home/jon/opencpn/odraw/build-cb/Makefile&quot;  VERBOSE=1 &quot;$file&quot;" />
            <Clean command="/usr/bin/make -f &quot;/home/jon/opencpn/odraw/build-cb/Makefile&quot;  VERBOSE=1 clean" />
            <DistClean command="/usr/bin/make -f &quot;/home/jon/opencpn/odraw/build-cb/Makefile&quot;  VERBOSE=1 clean" />
         </MakeCommands>
      </Target>
      <Target title="install">
         <Option working_dir="/home/jon/opencpn/odraw/build-cb" />
         <Option type="4" />
         <MakeCommands>
            <Build command="/usr/bin/make -f &quot;/home/jon/opencpn/odraw/build-cb/Makefile&quot;  VERBOSE=1 install" />
            <CompileFile command="/usr/bin/make -f &quot;/home/jon/opencpn/odraw/build-cb/Makefile&quot;  VERBOSE=1 &quot;$file&quot;" />
            <Clean command="/usr/bin/make -f &quot;/home/jon/opencpn/odraw/build-cb/Makefile&quot;  VERBOSE=1 clean" />
            <DistClean command="/usr/bin/make -f &quot;/home/jon/opencpn/odraw/build-cb/Makefile&quot;  VERBOSE=1 clean" />
         </MakeCommands>
      </Target>
      <Target title="install/strip">
         <Option working_dir="/home/jon/opencpn/odraw/build-cb" />
         <Option type="4" />
         <MakeCommands>
            <Build command="/usr/bin/make -f &quot;/home/jon/opencpn/odraw/build-cb/Makefile&quot;  VERBOSE=1 install/strip" />
            <CompileFile command="/usr/bin/make -f &quot;/home/jon/opencpn/odraw/build-cb/Makefile&quot;  VERBOSE=1 &quot;$file&quot;" />
            <Clean command="/usr/bin/make -f &quot;/home/jon/opencpn/odraw/build-cb/Makefile&quot;  VERBOSE=1 clean" />
            <DistClean command="/usr/bin/make -f &quot;/home/jon/opencpn/odraw/build-cb/Makefile&quot;  VERBOSE=1 clean" />
         </MakeCommands>
      </Target>
      <Target title="list_install_components">
         <Option working_dir="/home/jon/opencpn/odraw/build-cb" />
         <Option type="4" />
         <MakeCommands>
            <Build command="/usr/bin/make -f &quot;/home/jon/opencpn/odraw/build-cb/Makefile&quot;  VERBOSE=1 list_install_components" />
            <CompileFile command="/usr/bin/make -f &quot;/home/jon/opencpn/odraw/build-cb/Makefile&quot;  VERBOSE=1 &quot;$file&quot;" />
            <Clean command="/usr/bin/make -f &quot;/home/jon/opencpn/odraw/build-cb/Makefile&quot;  VERBOSE=1 clean" />
            <DistClean command="/usr/bin/make -f &quot;/home/jon/opencpn/odraw/build-cb/Makefile&quot;  VERBOSE=1 clean" />
         </MakeCommands>
      </Target>
      <Target title="package">
         <Option working_dir="/home/jon/opencpn/odraw/build-cb" />
         <Option type="4" />
         <MakeCommands>
            <Build command="/usr/bin/make -f &quot;/home/jon/opencpn/odraw/build-cb/Makefile&quot;  VERBOSE=1 package" />
            <CompileFile command="/usr/bin/make -f &quot;/home/jon/opencpn/odraw/build-cb/Makefile&quot;  VERBOSE=1 &quot;$file&quot;" />
            <Clean command="/usr/bin/make -f &quot;/home/jon/opencpn/odraw/build-cb/Makefile&quot;  VERBOSE=1 clean" />
            <DistClean command="/usr/bin/make -f &quot;/home/jon/opencpn/odraw/build-cb/Makefile&quot;  VERBOSE=1 clean" />
         </MakeCommands>
      </Target>
      <Target title="rebuild_cache">
         <Option working_dir="/home/jon/opencpn/odraw/build-cb" />
         <Option type="4" />
         <MakeCommands>
            <Build command="/usr/bin/make -f &quot;/home/jon/opencpn/odraw/build-cb/Makefile&quot;  VERBOSE=1 rebuild_cache" />
            <CompileFile command="/usr/bin/make -f &quot;/home/jon/opencpn/odraw/build-cb/Makefile&quot;  VERBOSE=1 &quot;$file&quot;" />
            <Clean command="/usr/bin/make -f &quot;/home/jon/opencpn/odraw/build-cb/Makefile&quot;  VERBOSE=1 clean" />
            <DistClean command="/usr/bin/make -f &quot;/home/jon/opencpn/odraw/build-cb/Makefile&quot;  VERBOSE=1 clean" />
         </MakeCommands>
      </Target>
      </Build>
      <Unit filename="/home/jon/opencpn/odraw/extsrc/clipper.cpp">
         <Option target="ocpn_draw_pi"/>
      </Unit>
      <Unit filename="/home/jon/opencpn/odraw/extsrc/pugixml.cpp">
         <Option target="ocpn_draw_pi"/>
      </Unit>
      <Unit filename="/home/jon/opencpn/odraw/include/Boundary.h">
         <Option target="ocpn_draw_pi"/>
      </Unit>
      <Unit filename="/home/jon/opencpn/odraw/include/BoundaryCSVImport.h">
         <Option target="ocpn_draw_pi"/>
      </Unit>
      <Unit filename="/home/jon/opencpn/odraw/include/BoundaryMan.h">
         <Option target="ocpn_draw_pi"/>
      </Unit>
      <Unit filename="/home/jon/opencpn/odraw/include/BoundaryPoint.h">
         <Option target="ocpn_draw_pi"/>
      </Unit>
      <Unit filename="/home/jon/opencpn/odraw/include/BoundaryPointCSVImport.h">
         <Option target="ocpn_draw_pi"/>
      </Unit>
      <Unit filename="/home/jon/opencpn/odraw/include/BoundaryProp.h">
         <Option target="ocpn_draw_pi"/>
      </Unit>
      <Unit filename="/home/jon/opencpn/odraw/include/DR.h">
         <Option target="ocpn_draw_pi"/>
      </Unit>
      <Unit filename="/home/jon/opencpn/odraw/include/DRProp.h">
         <Option target="ocpn_draw_pi"/>
      </Unit>
      <Unit filename="/home/jon/opencpn/odraw/include/EBL.h">
         <Option target="ocpn_draw_pi"/>
      </Unit>
      <Unit filename="/home/jon/opencpn/odraw/include/EBLProp.h">
         <Option target="ocpn_draw_pi"/>
      </Unit>
      <Unit filename="/home/jon/opencpn/odraw/include/GZ.h">
         <Option target="ocpn_draw_pi"/>
      </Unit>
      <Unit filename="/home/jon/opencpn/odraw/include/GZMan.h">
         <Option target="ocpn_draw_pi"/>
      </Unit>
      <Unit filename="/home/jon/opencpn/odraw/include/GZProp.h">
         <Option target="ocpn_draw_pi"/>
      </Unit>
      <Unit filename="/home/jon/opencpn/odraw/include/ODAPI.h">
         <Option target="ocpn_draw_pi"/>
      </Unit>
      <Unit filename="/home/jon/opencpn/odraw/include/ODConfig.h">
         <Option target="ocpn_draw_pi"/>
      </Unit>
      <Unit filename="/home/jon/opencpn/odraw/include/ODDRDialogDef.h">
         <Option target="ocpn_draw_pi"/>
      </Unit>
      <Unit filename="/home/jon/opencpn/odraw/include/ODDRDialogImpl.h">
         <Option target="ocpn_draw_pi"/>
      </Unit>
      <Unit filename="/home/jon/opencpn/odraw/include/ODEventHandler.h">
         <Option target="ocpn_draw_pi"/>
      </Unit>
      <Unit filename="/home/jon/opencpn/odraw/include/ODIconCombo.h">
         <Option target="ocpn_draw_pi"/>
      </Unit>
      <Unit filename="/home/jon/opencpn/odraw/include/ODJSON.h">
         <Option target="ocpn_draw_pi"/>
      </Unit>
      <Unit filename="/home/jon/opencpn/odraw/include/ODLayer.h">
         <Option target="ocpn_draw_pi"/>
      </Unit>
      <Unit filename="/home/jon/opencpn/odraw/include/ODMarkIcon.h">
         <Option target="ocpn_draw_pi"/>
      </Unit>
      <Unit filename="/home/jon/opencpn/odraw/include/ODNavObjectChanges.h">
         <Option target="ocpn_draw_pi"/>
      </Unit>
      <Unit filename="/home/jon/opencpn/odraw/include/ODNewODPointDialogDef.h">
         <Option target="ocpn_draw_pi"/>
      </Unit>
      <Unit filename="/home/jon/opencpn/odraw/include/ODNewODPointDialogImpl.h">
         <Option target="ocpn_draw_pi"/>
      </Unit>
      <Unit filename="/home/jon/opencpn/odraw/include/ODPath.h">
         <Option target="ocpn_draw_pi"/>
      </Unit>
      <Unit filename="/home/jon/opencpn/odraw/include/ODPathPropertiesDialogDef.h">
         <Option target="ocpn_draw_pi"/>
      </Unit>
      <Unit filename="/home/jon/opencpn/odraw/include/ODPathPropertiesDialogImpl.h">
         <Option target="ocpn_draw_pi"/>
      </Unit>
      <Unit filename="/home/jon/opencpn/odraw/include/ODPoint.h">
         <Option target="ocpn_draw_pi"/>
      </Unit>
      <Unit filename="/home/jon/opencpn/odraw/include/ODPointPropertiesDialog.h">
         <Option target="ocpn_draw_pi"/>
      </Unit>
      <Unit filename="/home/jon/opencpn/odraw/include/ODPointPropertiesImpl.h">
         <Option target="ocpn_draw_pi"/>
      </Unit>
      <Unit filename="/home/jon/opencpn/odraw/include/ODPositionParser.h">
         <Option target="ocpn_draw_pi"/>
      </Unit>
      <Unit filename="/home/jon/opencpn/odraw/include/ODPropertiesDialogDef.h">
         <Option target="ocpn_draw_pi"/>
      </Unit>
      <Unit filename="/home/jon/opencpn/odraw/include/ODPropertiesDialogImpl.h">
         <Option target="ocpn_draw_pi"/>
      </Unit>
      <Unit filename="/home/jon/opencpn/odraw/include/ODRolloverWin.h">
         <Option target="ocpn_draw_pi"/>
      </Unit>
      <Unit filename="/home/jon/opencpn/odraw/include/ODSelect.h">
         <Option target="ocpn_draw_pi"/>
      </Unit>
      <Unit filename="/home/jon/opencpn/odraw/include/ODToolbarDef.h">
         <Option target="ocpn_draw_pi"/>
      </Unit>
      <Unit filename="/home/jon/opencpn/odraw/include/ODToolbarImpl.h">
         <Option target="ocpn_draw_pi"/>
      </Unit>
      <Unit filename="/home/jon/opencpn/odraw/include/ODUtils.h">
         <Option target="ocpn_draw_pi"/>
      </Unit>
      <Unit filename="/home/jon/opencpn/odraw/include/ODdc.h">
         <Option target="ocpn_draw_pi"/>
      </Unit>
      <Unit filename="/home/jon/opencpn/odraw/include/ODicons.h">
         <Option target="ocpn_draw_pi"/>
      </Unit>
      <Unit filename="/home/jon/opencpn/odraw/include/ODvector2D.h">
         <Option target="ocpn_draw_pi"/>
      </Unit>
      <Unit filename="/home/jon/opencpn/odraw/include/PIL.h">
         <Option target="ocpn_draw_pi"/>
      </Unit>
      <Unit filename="/home/jon/opencpn/odraw/include/PILProp.h">
         <Option target="ocpn_draw_pi"/>
      </Unit>
      <Unit filename="/home/jon/opencpn/odraw/include/PILPropertiesDialogDef.h">
         <Option target="ocpn_draw_pi"/>
      </Unit>
      <Unit filename="/home/jon/opencpn/odraw/include/PILPropertiesDialogImpl.h">
         <Option target="ocpn_draw_pi"/>
      </Unit>
      <Unit filename="/home/jon/opencpn/odraw/include/PathMan.h">
         <Option target="ocpn_draw_pi"/>
      </Unit>
      <Unit filename="/home/jon/opencpn/odraw/include/PointMan.h">
         <Option target="ocpn_draw_pi"/>
      </Unit>
      <Unit filename="/home/jon/opencpn/odraw/include/TextPoint.h">
         <Option target="ocpn_draw_pi"/>
      </Unit>
      <Unit filename="/home/jon/opencpn/odraw/include/ocpn_draw_pi.h">
         <Option target="ocpn_draw_pi"/>
      </Unit>
      <Unit filename="/home/jon/opencpn/odraw/include/pathmanagerdialog.h">
         <Option target="ocpn_draw_pi"/>
      </Unit>
      <Unit filename="/home/jon/opencpn/odraw/ocpnsrc/Hyperlink.cpp">
         <Option target="ocpn_draw_pi"/>
      </Unit>
      <Unit filename="/home/jon/opencpn/odraw/ocpnsrc/SelectItem.cpp">
         <Option target="ocpn_draw_pi"/>
      </Unit>
      <Unit filename="/home/jon/opencpn/odraw/ocpnsrc/TexFont.cpp">
         <Option target="ocpn_draw_pi"/>
      </Unit>
      <Unit filename="/home/jon/opencpn/odraw/ocpnsrc/bbox.cpp">
         <Option target="ocpn_draw_pi"/>
      </Unit>
      <Unit filename="/home/jon/opencpn/odraw/ocpnsrc/cutil.cpp">
         <Option target="ocpn_draw_pi"/>
      </Unit>
      <Unit filename="/home/jon/opencpn/odraw/ocpnsrc/geodesic.cpp">
         <Option target="ocpn_draw_pi"/>
      </Unit>
      <Unit filename="/home/jon/opencpn/odraw/ocpnsrc/georef.cpp">
         <Option target="ocpn_draw_pi"/>
      </Unit>
      <Unit filename="/home/jon/opencpn/odraw/ocpnsrc/wxJSON/jsonreader.cpp">
         <Option target="ocpn_draw_pi"/>
      </Unit>
      <Unit filename="/home/jon/opencpn/odraw/ocpnsrc/wxJSON/jsonval.cpp">
         <Option target="ocpn_draw_pi"/>
      </Unit>
      <Unit filename="/home/jon/opencpn/odraw/ocpnsrc/wxJSON/jsonwriter.cpp">
         <Option target="ocpn_draw_pi"/>
      </Unit>
      <Unit filename="/home/jon/opencpn/odraw/src/Boundary.cpp">
         <Option target="ocpn_draw_pi"/>
      </Unit>
      <Unit filename="/home/jon/opencpn/odraw/src/BoundaryCSVImport.cpp">
         <Option target="ocpn_draw_pi"/>
      </Unit>
      <Unit filename="/home/jon/opencpn/odraw/src/BoundaryMan.cpp">
         <Option target="ocpn_draw_pi"/>
      </Unit>
      <Unit filename="/home/jon/opencpn/odraw/src/BoundaryPoint.cpp">
         <Option target="ocpn_draw_pi"/>
      </Unit>
      <Unit filename="/home/jon/opencpn/odraw/src/BoundaryPointCSVImport.cpp">
         <Option target="ocpn_draw_pi"/>
      </Unit>
      <Unit filename="/home/jon/opencpn/odraw/src/BoundaryProp.cpp">
         <Option target="ocpn_draw_pi"/>
      </Unit>
      <Unit filename="/home/jon/opencpn/odraw/src/DR.cpp">
         <Option target="ocpn_draw_pi"/>
      </Unit>
      <Unit filename="/home/jon/opencpn/odraw/src/DRProp.cpp">
         <Option target="ocpn_draw_pi"/>
      </Unit>
      <Unit filename="/home/jon/opencpn/odraw/src/EBL.cpp">
         <Option target="ocpn_draw_pi"/>
      </Unit>
      <Unit filename="/home/jon/opencpn/odraw/src/EBLProp.cpp">
         <Option target="ocpn_draw_pi"/>
      </Unit>
      <Unit filename="/home/jon/opencpn/odraw/src/GZ.cpp">
         <Option target="ocpn_draw_pi"/>
      </Unit>
      <Unit filename="/home/jon/opencpn/odraw/src/GZMan.cpp">
         <Option target="ocpn_draw_pi"/>
      </Unit>
      <Unit filename="/home/jon/opencpn/odraw/src/GZProp.cpp">
         <Option target="ocpn_draw_pi"/>
      </Unit>
      <Unit filename="/home/jon/opencpn/odraw/src/ODAPI.cpp">
         <Option target="ocpn_draw_pi"/>
      </Unit>
      <Unit filename="/home/jon/opencpn/odraw/src/ODConfig.cpp">
         <Option target="ocpn_draw_pi"/>
      </Unit>
      <Unit filename="/home/jon/opencpn/odraw/src/ODDRDialogDef.cpp">
         <Option target="ocpn_draw_pi"/>
      </Unit>
      <Unit filename="/home/jon/opencpn/odraw/src/ODDRDialogImpl.cpp">
         <Option target="ocpn_draw_pi"/>
      </Unit>
      <Unit filename="/home/jon/opencpn/odraw/src/ODEventHandler.cpp">
         <Option target="ocpn_draw_pi"/>
      </Unit>
      <Unit filename="/home/jon/opencpn/odraw/src/ODIconCombo.cpp">
         <Option target="ocpn_draw_pi"/>
      </Unit>
      <Unit filename="/home/jon/opencpn/odraw/src/ODJSON.cpp">
         <Option target="ocpn_draw_pi"/>
      </Unit>
      <Unit filename="/home/jon/opencpn/odraw/src/ODLayer.cpp">
         <Option target="ocpn_draw_pi"/>
      </Unit>
      <Unit filename="/home/jon/opencpn/odraw/src/ODMarkIcon.cpp">
         <Option target="ocpn_draw_pi"/>
      </Unit>
      <Unit filename="/home/jon/opencpn/odraw/src/ODNavObjectChanges.cpp">
         <Option target="ocpn_draw_pi"/>
      </Unit>
      <Unit filename="/home/jon/opencpn/odraw/src/ODNewODPointDialogDef.cpp">
         <Option target="ocpn_draw_pi"/>
      </Unit>
      <Unit filename="/home/jon/opencpn/odraw/src/ODNewODPointDialogImpl.cpp">
         <Option target="ocpn_draw_pi"/>
      </Unit>
      <Unit filename="/home/jon/opencpn/odraw/src/ODPath.cpp">
         <Option target="ocpn_draw_pi"/>
      </Unit>
      <Unit filename="/home/jon/opencpn/odraw/src/ODPathPropertiesDialogDef.cpp">
         <Option target="ocpn_draw_pi"/>
      </Unit>
      <Unit filename="/home/jon/opencpn/odraw/src/ODPathPropertiesDialogImpl.cpp">
         <Option target="ocpn_draw_pi"/>
      </Unit>
      <Unit filename="/home/jon/opencpn/odraw/src/ODPoint.cpp">
         <Option target="ocpn_draw_pi"/>
      </Unit>
      <Unit filename="/home/jon/opencpn/odraw/src/ODPointPropertiesDialog.cpp">
         <Option target="ocpn_draw_pi"/>
      </Unit>
      <Unit filename="/home/jon/opencpn/odraw/src/ODPointPropertiesImpl.cpp">
         <Option target="ocpn_draw_pi"/>
      </Unit>
      <Unit filename="/home/jon/opencpn/odraw/src/ODPositionParser.cpp">
         <Option target="ocpn_draw_pi"/>
      </Unit>
      <Unit filename="/home/jon/opencpn/odraw/src/ODPropertiesDialogDef.cpp">
         <Option target="ocpn_draw_pi"/>
      </Unit>
      <Unit filename="/home/jon/opencpn/odraw/src/ODPropertiesDialogImpl.cpp">
         <Option target="ocpn_draw_pi"/>
      </Unit>
      <Unit filename="/home/jon/opencpn/odraw/src/ODRolloverWin.cpp">
         <Option target="ocpn_draw_pi"/>
      </Unit>
      <Unit filename="/home/jon/opencpn/odraw/src/ODSelect.cpp">
         <Option target="ocpn_draw_pi"/>
      </Unit>
      <Unit filename="/home/jon/opencpn/odraw/src/ODToolbarDef.cpp">
         <Option target="ocpn_draw_pi"/>
      </Unit>
      <Unit filename="/home/jon/opencpn/odraw/src/ODToolbarImpl.cpp">
         <Option target="ocpn_draw_pi"/>
      </Unit>
      <Unit filename="/home/jon/opencpn/odraw/src/ODUtils.cpp">
         <Option target="ocpn_draw_pi"/>
      </Unit>
      <Unit filename="/home/jon/opencpn/odraw/src/ODdc.cpp">
         <Option target="ocpn_draw_pi"/>
      </Unit>
      <Unit filename="/home/jon/opencpn/odraw/src/ODicons.cpp">
         <Option target="ocpn_draw_pi"/>
      </Unit>
      <Unit filename="/home/jon/opencpn/odraw/src/PIL.cpp">
         <Option target="ocpn_draw_pi"/>
      </Unit>
      <Unit filename="/home/jon/opencpn/odraw/src/PILProp.cpp">
         <Option target="ocpn_draw_pi"/>
      </Unit>
      <Unit filename="/home/jon/opencpn/odraw/src/PILPropertiesDialogDef.cpp">
         <Option target="ocpn_draw_pi"/>
      </Unit>
      <Unit filename="/home/jon/opencpn/odraw/src/PILPropertiesDialogImpl.cpp">
         <Option target="ocpn_draw_pi"/>
      </Unit>
      <Unit filename="/home/jon/opencpn/odraw/src/PathMan.cpp">
         <Option target="ocpn_draw_pi"/>
      </Unit>
      <Unit filename="/home/jon/opencpn/odraw/src/PointMan.cpp">
         <Option target="ocpn_draw_pi"/>
      </Unit>
      <Unit filename="/home/jon/opencpn/odraw/src/TextPoint.cpp">
         <Option target="ocpn_draw_pi"/>
      </Unit>
      <Unit filename="/home/jon/opencpn/odraw/src/ocpn_draw_pi.cpp">
         <Option target="ocpn_draw_pi"/>
      </Unit>
      <Unit filename="/home/jon/opencpn/odraw/src/pathmanagerdialog.cpp">
         <Option target="ocpn_draw_pi"/>
      </Unit>
      <Unit filename="/home/jon/opencpn/odraw/CMakeLists.txt">
          <Option virtualFolder="CMake Files\" />
      </Unit>
      <Unit filename="/home/jon/opencpn/odraw/cmake/PluginConfigure.cmake">
          <Option virtualFolder="CMake Files\cmake\" />
      </Unit>
      <Unit filename="/home/jon/opencpn/odraw/cmake/version.h.in">
          <Option virtualFolder="CMake Files\cmake\" />
      </Unit>
      <Unit filename="/home/jon/opencpn/odraw/cmake/wxWTranslateCatalog.h.in">
          <Option virtualFolder="CMake Files\cmake\" />
      </Unit>
      <Unit filename="/home/jon/opencpn/odraw/cmake/FindTinyXML.cmake">
          <Option virtualFolder="CMake Files\cmake\" />
      </Unit>
      <Unit filename="/home/jon/opencpn/odraw/cmake/PluginInstall.cmake">
          <Option virtualFolder="CMake Files\cmake\" />
      </Unit>
      <Unit filename="/home/jon/opencpn/odraw/cmake/PluginLocalization.cmake">
          <Option virtualFolder="CMake Files\cmake\" />
      </Unit>
      <Unit filename="/home/jon/opencpn/odraw/cmake/PluginPackage.cmake">
          <Option virtualFolder="CMake Files\cmake\" />
      </Unit>
      <Unit filename="/home/jon/opencpn/odraw/po/POTFILES.in.test">
          <Option virtualFolder="CMake Files\po\" />
      </Unit>
   </Project>
</CodeBlocks_project_file>
